<Solution>
  <Folder Name="/src/">
    <Project Path="src/Invex.RepoUtils.Atom.Module/Invex.RepoUtils.Atom.Module.csproj" />
    <Project Path="src/Invex.RepoUtils.PublicApiAnalyzers/Invex.RepoUtils.PublicApiAnalyzers.csproj" />
  </Folder>
  <Folder Name="/tests/">
    <Project Path="tests/Invex.RepoUtils.PublicApiAnalyzers.Tests/Invex.RepoUtils.PublicApiAnalyzers.Tests.csproj" />
  </Folder>
  <Project Path="_atom/_atom.csproj" />
</Solution>
